
Microsoft Visual Studio Solution File, Format Version 12.00
# Visual Studio Version 17
VisualStudioVersion = 17.4.33403.182
MinimumVisualStudioVersion = 10.0.40219.1
Project("{9A19103F-16F7-4668-BE54-9A1E7A4F7556}") = "FunctionApp", "FunctionApp1\FunctionApp.csproj", "{D4BB87EB-5AB4-4C8D-AEE9-BAB55F7BB9E7}"
EndProject
Global
	GlobalSection(SolutionConfigurationPlatforms) = preSolution
		Debug|Any CPU = Debug|Any CPU
		Release|Any CPU = Release|Any CPU
	EndGlobalSection
	GlobalSection(ProjectConfigurationPlatforms) = postSolution
		{D4BB87EB-5AB4-4C8D-AEE9-BAB55F7BB9E7}.Debug|Any CPU.ActiveCfg = Debug|Any CPU
		{D4BB87EB-5AB4-4C8D-AEE9-BAB55F7BB9E7}.Debug|Any CPU.Build.0 = Debug|Any CPU
		{D4BB87EB-5AB4-4C8D-AEE9-BAB55F7BB9E7}.Release|Any CPU.ActiveCfg = Release|Any CPU
		{D4BB87EB-5AB4-4C8D-AEE9-BAB55F7BB9E7}.Release|Any CPU.Build.0 = Release|Any CPU
	EndGlobalSection
	GlobalSection(SolutionProperties) = preSolution
		HideSolutionNode = FALSE
	EndGlobalSection
	GlobalSection(ExtensibilityGlobals) = postSolution
		SolutionGuid = {7FF2CB33-897E-47EF-9301-3710C0D3D25F}
	EndGlobalSection
EndGlobal
